// !$*UTF8*$!
{
	archiveVersion = 1;
	classes = {
	};
	objectVersion = 55;
	objects = {

/* Begin PBXBuildFile section */
		C32A4D17286C835800F44A9A /* Home.swift in Sources */ = {isa = PBXBuildFile; fileRef = C32A4D16286C835800F44A9A /* Home.swift */; };
		C32A4D19286C83C600F44A9A /* Character.swift in Sources */ = {isa = PBXBuildFile; fileRef = C32A4D18286C83C600F44A9A /* Character.swift */; };
		C32A4D1B286C841800F44A9A /* ApiResponse.swift in Sources */ = {isa = PBXBuildFile; fileRef = C32A4D1A286C841800F44A9A /* ApiResponse.swift */; };
		C32A4D1D286C8B7500F44A9A /* CharacterDetail.swift in Sources */ = {isa = PBXBuildFile; fileRef = C32A4D1C286C8B7500F44A9A /* CharacterDetail.swift */; };
		C32A4D1F286C9AA100F44A9A /* Location.swift in Sources */ = {isa = PBXBuildFile; fileRef = C32A4D1E286C9AA100F44A9A /* Location.swift */; };
		C32A4D21286C9B7E00F44A9A /* LocationApiController.swift in Sources */ = {isa = PBXBuildFile; fileRef = C32A4D20286C9B7E00F44A9A /* LocationApiController.swift */; };
		C32A4D23286CA53A00F44A9A /* LocationDetail.swift in Sources */ = {isa = PBXBuildFile; fileRef = C32A4D22286CA53A00F44A9A /* LocationDetail.swift */; };
		C32A4D51286F6D2300F44A9A /* rick_and_morty_appTests.swift in Sources */ = {isa = PBXBuildFile; fileRef = C32A4D50286F6D2300F44A9A /* rick_and_morty_appTests.swift */; };
		C32A4D5B286F6E7D00F44A9A /* ViewInspector in Frameworks */ = {isa = PBXBuildFile; productRef = C32A4D5A286F6E7D00F44A9A /* ViewInspector */; };
		C32A4D5D286F776200F44A9A /* Inspectable+Model.swift in Sources */ = {isa = PBXBuildFile; fileRef = C32A4D5C286F776200F44A9A /* Inspectable+Model.swift */; };
		C32A4D692873567700F44A9A /* EpisodeApiController.swift in Sources */ = {isa = PBXBuildFile; fileRef = C32A4D682873567700F44A9A /* EpisodeApiController.swift */; };
		C32A4D6A2873567800F44A9A /* EpisodeApiController.swift in Sources */ = {isa = PBXBuildFile; fileRef = C32A4D682873567700F44A9A /* EpisodeApiController.swift */; };
		C32A4D6C2873569900F44A9A /* Episode.swift in Sources */ = {isa = PBXBuildFile; fileRef = C32A4D6B2873569900F44A9A /* Episode.swift */; };
		C32A4D6D2873569900F44A9A /* Episode.swift in Sources */ = {isa = PBXBuildFile; fileRef = C32A4D6B2873569900F44A9A /* Episode.swift */; };
		C32A4D72287357B900F44A9A /* EpisodeDetail.swift in Sources */ = {isa = PBXBuildFile; fileRef = C32A4D71287357B900F44A9A /* EpisodeDetail.swift */; };
		C32A4D73287357B900F44A9A /* EpisodeDetail.swift in Sources */ = {isa = PBXBuildFile; fileRef = C32A4D71287357B900F44A9A /* EpisodeDetail.swift */; };
		C3E237852869F4CC0042C8B2 /* rick_and_morty_appApp.swift in Sources */ = {isa = PBXBuildFile; fileRef = C3E2375D2869F4C80042C8B2 /* rick_and_morty_appApp.swift */; };
		C3E237862869F4CC0042C8B2 /* rick_and_morty_appApp.swift in Sources */ = {isa = PBXBuildFile; fileRef = C3E2375D2869F4C80042C8B2 /* rick_and_morty_appApp.swift */; };
		C3E237892869F4CC0042C8B2 /* Assets.xcassets in Resources */ = {isa = PBXBuildFile; fileRef = C3E2375F2869F4CC0042C8B2 /* Assets.xcassets */; };
		C3E2378A2869F4CC0042C8B2 /* Assets.xcassets in Resources */ = {isa = PBXBuildFile; fileRef = C3E2375F2869F4CC0042C8B2 /* Assets.xcassets */; };
		C3E2379A2869F5040042C8B2 /* CharacterApiController.swift in Sources */ = {isa = PBXBuildFile; fileRef = C3E237992869F5040042C8B2 /* CharacterApiController.swift */; };
		C3E2379B2869F5040042C8B2 /* CharacterApiController.swift in Sources */ = {isa = PBXBuildFile; fileRef = C3E237992869F5040042C8B2 /* CharacterApiController.swift */; };
/* End PBXBuildFile section */

/* Begin PBXContainerItemProxy section */
		C32A4D52286F6D2300F44A9A /* PBXContainerItemProxy */ = {
			isa = PBXContainerItemProxy;
			containerPortal = C3E237582869F4C80042C8B2 /* Project object */;
			proxyType = 1;
			remoteGlobalIDString = C3E237632869F4CC0042C8B2;
			remoteInfo = "rick-and-morty-app (iOS)";
		};
/* End PBXContainerItemProxy section */

/* Begin PBXFileReference section */
		C32A4D16286C835800F44A9A /* Home.swift */ = {isa = PBXFileReference; lastKnownFileType = sourcecode.swift; path = Home.swift; sourceTree = "<group>"; };
		C32A4D18286C83C600F44A9A /* Character.swift */ = {isa = PBXFileReference; lastKnownFileType = sourcecode.swift; path = Character.swift; sourceTree = "<group>"; };
		C32A4D1A286C841800F44A9A /* ApiResponse.swift */ = {isa = PBXFileReference; lastKnownFileType = sourcecode.swift; path = ApiResponse.swift; sourceTree = "<group>"; };
		C32A4D1C286C8B7500F44A9A /* CharacterDetail.swift */ = {isa = PBXFileReference; lastKnownFileType = sourcecode.swift; path = CharacterDetail.swift; sourceTree = "<group>"; };
		C32A4D1E286C9AA100F44A9A /* Location.swift */ = {isa = PBXFileReference; lastKnownFileType = sourcecode.swift; path = Location.swift; sourceTree = "<group>"; };
		C32A4D20286C9B7E00F44A9A /* LocationApiController.swift */ = {isa = PBXFileReference; lastKnownFileType = sourcecode.swift; path = LocationApiController.swift; sourceTree = "<group>"; };
		C32A4D22286CA53A00F44A9A /* LocationDetail.swift */ = {isa = PBXFileReference; lastKnownFileType = sourcecode.swift; path = LocationDetail.swift; sourceTree = "<group>"; };
		C32A4D4E286F6D2300F44A9A /* rick-and-morty-appTests.xctest */ = {isa = PBXFileReference; explicitFileType = wrapper.cfbundle; includeInIndex = 0; path = "rick-and-morty-appTests.xctest"; sourceTree = BUILT_PRODUCTS_DIR; };
		C32A4D50286F6D2300F44A9A /* rick_and_morty_appTests.swift */ = {isa = PBXFileReference; lastKnownFileType = sourcecode.swift; path = rick_and_morty_appTests.swift; sourceTree = "<group>"; };
		C32A4D5C286F776200F44A9A /* Inspectable+Model.swift */ = {isa = PBXFileReference; lastKnownFileType = sourcecode.swift; path = "Inspectable+Model.swift"; sourceTree = "<group>"; };
		C32A4D61287334F000F44A9A /* rick-and-morty-app (iOS).entitlements */ = {isa = PBXFileReference; lastKnownFileType = text.plist.entitlements; path = "rick-and-morty-app (iOS).entitlements"; sourceTree = "<group>"; };
		C32A4D682873567700F44A9A /* EpisodeApiController.swift */ = {isa = PBXFileReference; lastKnownFileType = sourcecode.swift; path = EpisodeApiController.swift; sourceTree = "<group>"; };
		C32A4D6B2873569900F44A9A /* Episode.swift */ = {isa = PBXFileReference; lastKnownFileType = sourcecode.swift; path = Episode.swift; sourceTree = "<group>"; };
		C32A4D71287357B900F44A9A /* EpisodeDetail.swift */ = {isa = PBXFileReference; lastKnownFileType = sourcecode.swift; path = EpisodeDetail.swift; sourceTree = "<group>"; };
		C3E2375D2869F4C80042C8B2 /* rick_and_morty_appApp.swift */ = {isa = PBXFileReference; lastKnownFileType = sourcecode.swift; path = rick_and_morty_appApp.swift; sourceTree = "<group>"; };
		C3E2375F2869F4CC0042C8B2 /* Assets.xcassets */ = {isa = PBXFileReference; lastKnownFileType = folder.assetcatalog; path = Assets.xcassets; sourceTree = "<group>"; };
		C3E237642869F4CC0042C8B2 /* rick-and-morty-app.app */ = {isa = PBXFileReference; explicitFileType = wrapper.application; includeInIndex = 0; path = "rick-and-morty-app.app"; sourceTree = BUILT_PRODUCTS_DIR; };
		C3E2376A2869F4CC0042C8B2 /* rick-and-morty-app.app */ = {isa = PBXFileReference; explicitFileType = wrapper.application; includeInIndex = 0; path = "rick-and-morty-app.app"; sourceTree = BUILT_PRODUCTS_DIR; };
		C3E2376C2869F4CC0042C8B2 /* macOS.entitlements */ = {isa = PBXFileReference; lastKnownFileType = text.plist.entitlements; path = macOS.entitlements; sourceTree = "<group>"; };
		C3E237812869F4CC0042C8B2 /* Tests_macOS.swift */ = {isa = PBXFileReference; lastKnownFileType = sourcecode.swift; path = Tests_macOS.swift; sourceTree = "<group>"; };
		C3E237832869F4CC0042C8B2 /* Tests_macOSLaunchTests.swift */ = {isa = PBXFileReference; lastKnownFileType = sourcecode.swift; path = Tests_macOSLaunchTests.swift; sourceTree = "<group>"; };
		C3E237992869F5040042C8B2 /* CharacterApiController.swift */ = {isa = PBXFileReference; lastKnownFileType = sourcecode.swift; path = CharacterApiController.swift; sourceTree = "<group>"; };
/* End PBXFileReference section */

/* Begin PBXFrameworksBuildPhase section */
		C32A4D4B286F6D2300F44A9A /* Frameworks */ = {
			isa = PBXFrameworksBuildPhase;
			buildActionMask = 2147483647;
			files = (
				C32A4D5B286F6E7D00F44A9A /* ViewInspector in Frameworks */,
			);
			runOnlyForDeploymentPostprocessing = 0;
		};
		C3E237612869F4CC0042C8B2 /* Frameworks */ = {
			isa = PBXFrameworksBuildPhase;
			buildActionMask = 2147483647;
			files = (
			);
			runOnlyForDeploymentPostprocessing = 0;
		};
		C3E237672869F4CC0042C8B2 /* Frameworks */ = {
			isa = PBXFrameworksBuildPhase;
			buildActionMask = 2147483647;
			files = (
			);
			runOnlyForDeploymentPostprocessing = 0;
		};
/* End PBXFrameworksBuildPhase section */

/* Begin PBXGroup section */
		C32A4D13286C832A00F44A9A /* Controllers */ = {
			isa = PBXGroup;
			children = (
				C3E237992869F5040042C8B2 /* CharacterApiController.swift */,
				C32A4D20286C9B7E00F44A9A /* LocationApiController.swift */,
				C32A4D682873567700F44A9A /* EpisodeApiController.swift */,
			);
			path = Controllers;
			sourceTree = "<group>";
		};
		C32A4D14286C833100F44A9A /* Models */ = {
			isa = PBXGroup;
			children = (
				C32A4D18286C83C600F44A9A /* Character.swift */,
				C32A4D1A286C841800F44A9A /* ApiResponse.swift */,
				C32A4D1E286C9AA100F44A9A /* Location.swift */,
				C32A4D6B2873569900F44A9A /* Episode.swift */,
			);
			path = Models;
			sourceTree = "<group>";
		};
		C32A4D15286C833600F44A9A /* Views */ = {
			isa = PBXGroup;
			children = (
				C32A4D16286C835800F44A9A /* Home.swift */,
				C32A4D1C286C8B7500F44A9A /* CharacterDetail.swift */,
				C32A4D22286CA53A00F44A9A /* LocationDetail.swift */,
				C32A4D71287357B900F44A9A /* EpisodeDetail.swift */,
			);
			path = Views;
			sourceTree = "<group>";
		};
		C32A4D4F286F6D2300F44A9A /* rick-and-morty-appTests */ = {
			isa = PBXGroup;
			children = (
				C32A4D50286F6D2300F44A9A /* rick_and_morty_appTests.swift */,
				C32A4D5C286F776200F44A9A /* Inspectable+Model.swift */,
			);
			path = "rick-and-morty-appTests";
			sourceTree = "<group>";
		};
		C3E237572869F4C80042C8B2 = {
			isa = PBXGroup;
			children = (
				C32A4D61287334F000F44A9A /* rick-and-morty-app (iOS).entitlements */,
				C3E2375C2869F4C80042C8B2 /* Shared */,
				C3E2376B2869F4CC0042C8B2 /* macOS */,
				C3E237802869F4CC0042C8B2 /* Tests macOS */,
				C32A4D4F286F6D2300F44A9A /* rick-and-morty-appTests */,
				C3E237652869F4CC0042C8B2 /* Products */,
			);
			sourceTree = "<group>";
		};
		C3E2375C2869F4C80042C8B2 /* Shared */ = {
			isa = PBXGroup;
			children = (
				C32A4D15286C833600F44A9A /* Views */,
				C32A4D14286C833100F44A9A /* Models */,
				C32A4D13286C832A00F44A9A /* Controllers */,
				C3E2375D2869F4C80042C8B2 /* rick_and_morty_appApp.swift */,
				C3E2375F2869F4CC0042C8B2 /* Assets.xcassets */,
			);
			path = Shared;
			sourceTree = "<group>";
		};
		C3E237652869F4CC0042C8B2 /* Products */ = {
			isa = PBXGroup;
			children = (
				C3E237642869F4CC0042C8B2 /* rick-and-morty-app.app */,
				C3E2376A2869F4CC0042C8B2 /* rick-and-morty-app.app */,
				C32A4D4E286F6D2300F44A9A /* rick-and-morty-appTests.xctest */,
			);
			name = Products;
			sourceTree = "<group>";
		};
		C3E2376B2869F4CC0042C8B2 /* macOS */ = {
			isa = PBXGroup;
			children = (
				C3E2376C2869F4CC0042C8B2 /* macOS.entitlements */,
			);
			path = macOS;
			sourceTree = "<group>";
		};
		C3E237802869F4CC0042C8B2 /* Tests macOS */ = {
			isa = PBXGroup;
			children = (
				C3E237812869F4CC0042C8B2 /* Tests_macOS.swift */,
				C3E237832869F4CC0042C8B2 /* Tests_macOSLaunchTests.swift */,
			);
			path = "Tests macOS";
			sourceTree = "<group>";
		};
/* End PBXGroup section */

/* Begin PBXNativeTarget section */
		C32A4D4D286F6D2300F44A9A /* rick-and-morty-appTests */ = {
			isa = PBXNativeTarget;
			buildConfigurationList = C32A4D54286F6D2300F44A9A /* Build configuration list for PBXNativeTarget "rick-and-morty-appTests" */;
			buildPhases = (
				C32A4D4A286F6D2300F44A9A /* Sources */,
				C32A4D4B286F6D2300F44A9A /* Frameworks */,
				C32A4D4C286F6D2300F44A9A /* Resources */,
			);
			buildRules = (
			);
			dependencies = (
				C32A4D53286F6D2300F44A9A /* PBXTargetDependency */,
			);
			name = "rick-and-morty-appTests";
			packageProductDependencies = (
				C32A4D5A286F6E7D00F44A9A /* ViewInspector */,
			);
			productName = "rick-and-morty-appTests";
			productReference = C32A4D4E286F6D2300F44A9A /* rick-and-morty-appTests.xctest */;
			productType = "com.apple.product-type.bundle.unit-test";
		};
		C3E237632869F4CC0042C8B2 /* rick-and-morty-app (iOS) */ = {
			isa = PBXNativeTarget;
			buildConfigurationList = C3E2378D2869F4CC0042C8B2 /* Build configuration list for PBXNativeTarget "rick-and-morty-app (iOS)" */;
			buildPhases = (
				C3E237602869F4CC0042C8B2 /* Sources */,
				C3E237612869F4CC0042C8B2 /* Frameworks */,
				C3E237622869F4CC0042C8B2 /* Resources */,
			);
			buildRules = (
			);
			dependencies = (
			);
			name = "rick-and-morty-app (iOS)";
			packageProductDependencies = (
			);
			productName = "rick-and-morty-app (iOS)";
			productReference = C3E237642869F4CC0042C8B2 /* rick-and-morty-app.app */;
			productType = "com.apple.product-type.application";
		};
		C3E237692869F4CC0042C8B2 /* rick-and-morty-app (macOS) */ = {
			isa = PBXNativeTarget;
			buildConfigurationList = C3E237902869F4CC0042C8B2 /* Build configuration list for PBXNativeTarget "rick-and-morty-app (macOS)" */;
			buildPhases = (
				C3E237662869F4CC0042C8B2 /* Sources */,
				C3E237672869F4CC0042C8B2 /* Frameworks */,
				C3E237682869F4CC0042C8B2 /* Resources */,
			);
			buildRules = (
			);
			dependencies = (
			);
			name = "rick-and-morty-app (macOS)";
			productName = "rick-and-morty-app (macOS)";
			productReference = C3E2376A2869F4CC0042C8B2 /* rick-and-morty-app.app */;
			productType = "com.apple.product-type.application";
		};
/* End PBXNativeTarget section */

/* Begin PBXProject section */
		C3E237582869F4C80042C8B2 /* Project object */ = {
			isa = PBXProject;
			attributes = {
				BuildIndependentTargetsInParallel = 1;
				LastSwiftUpdateCheck = 1340;
				LastUpgradeCheck = 1340;
				TargetAttributes = {
					C32A4D4D286F6D2300F44A9A = {
						CreatedOnToolsVersion = 13.4.1;
						TestTargetID = C3E237632869F4CC0042C8B2;
					};
					C3E237632869F4CC0042C8B2 = {
						CreatedOnToolsVersion = 13.4.1;
					};
					C3E237692869F4CC0042C8B2 = {
						CreatedOnToolsVersion = 13.4.1;
					};
				};
			};
			buildConfigurationList = C3E2375B2869F4C80042C8B2 /* Build configuration list for PBXProject "rick-and-morty-app" */;
			compatibilityVersion = "Xcode 13.0";
			developmentRegion = en;
			hasScannedForEncodings = 0;
			knownRegions = (
				en,
				Base,
			);
			mainGroup = C3E237572869F4C80042C8B2;
			packageReferences = (
				C32A4D59286F6E7D00F44A9A /* XCRemoteSwiftPackageReference "ViewInspector" */,
			);
			productRefGroup = C3E237652869F4CC0042C8B2 /* Products */;
			projectDirPath = "";
			projectRoot = "";
			targets = (
				C3E237632869F4CC0042C8B2 /* rick-and-morty-app (iOS) */,
				C3E237692869F4CC0042C8B2 /* rick-and-morty-app (macOS) */,
				C32A4D4D286F6D2300F44A9A /* rick-and-morty-appTests */,
			);
		};
/* End PBXProject section */

/* Begin PBXResourcesBuildPhase section */
		C32A4D4C286F6D2300F44A9A /* Resources */ = {
			isa = PBXResourcesBuildPhase;
			buildActionMask = 2147483647;
			files = (
			);
			runOnlyForDeploymentPostprocessing = 0;
		};
		C3E237622869F4CC0042C8B2 /* Resources */ = {
			isa = PBXResourcesBuildPhase;
			buildActionMask = 2147483647;
			files = (
				C3E237892869F4CC0042C8B2 /* Assets.xcassets in Resources */,
			);
			runOnlyForDeploymentPostprocessing = 0;
		};
		C3E237682869F4CC0042C8B2 /* Resources */ = {
			isa = PBXResourcesBuildPhase;
			buildActionMask = 2147483647;
			files = (
				C3E2378A2869F4CC0042C8B2 /* Assets.xcassets in Resources */,
			);
			runOnlyForDeploymentPostprocessing = 0;
		};
/* End PBXResourcesBuildPhase section */

/* Begin PBXSourcesBuildPhase section */
		C32A4D4A286F6D2300F44A9A /* Sources */ = {
			isa = PBXSourcesBuildPhase;
			buildActionMask = 2147483647;
			files = (
				C32A4D5D286F776200F44A9A /* Inspectable+Model.swift in Sources */,
				C32A4D51286F6D2300F44A9A /* rick_and_morty_appTests.swift in Sources */,
			);
			runOnlyForDeploymentPostprocessing = 0;
		};
		C3E237602869F4CC0042C8B2 /* Sources */ = {
			isa = PBXSourcesBuildPhase;
			buildActionMask = 2147483647;
			files = (
				C32A4D1D286C8B7500F44A9A /* CharacterDetail.swift in Sources */,
				C3E2379A2869F5040042C8B2 /* CharacterApiController.swift in Sources */,
				C32A4D692873567700F44A9A /* EpisodeApiController.swift in Sources */,
				C32A4D19286C83C600F44A9A /* Character.swift in Sources */,
				C32A4D23286CA53A00F44A9A /* LocationDetail.swift in Sources */,
				C32A4D6C2873569900F44A9A /* Episode.swift in Sources */,
				C32A4D72287357B900F44A9A /* EpisodeDetail.swift in Sources */,
				C32A4D1B286C841800F44A9A /* ApiResponse.swift in Sources */,
				C32A4D17286C835800F44A9A /* Home.swift in Sources */,
				C32A4D21286C9B7E00F44A9A /* LocationApiController.swift in Sources */,
				C3E237852869F4CC0042C8B2 /* rick_and_morty_appApp.swift in Sources */,
				C32A4D1F286C9AA100F44A9A /* Location.swift in Sources */,
			);
			runOnlyForDeploymentPostprocessing = 0;
		};
		C3E237662869F4CC0042C8B2 /* Sources */ = {
			isa = PBXSourcesBuildPhase;
			buildActionMask = 2147483647;
			files = (
				C3E2379B2869F5040042C8B2 /* CharacterApiController.swift in Sources */,
				C32A4D6D2873569900F44A9A /* Episode.swift in Sources */,
				C32A4D73287357B900F44A9A /* EpisodeDetail.swift in Sources */,
				C3E237862869F4CC0042C8B2 /* rick_and_morty_appApp.swift in Sources */,
				C32A4D6A2873567800F44A9A /* EpisodeApiController.swift in Sources */,
			);
			runOnlyForDeploymentPostprocessing = 0;
		};
/* End PBXSourcesBuildPhase section */

/* Begin PBXTargetDependency section */
		C32A4D53286F6D2300F44A9A /* PBXTargetDependency */ = {
			isa = PBXTargetDependency;
			target = C3E237632869F4CC0042C8B2 /* rick-and-morty-app (iOS) */;
			targetProxy = C32A4D52286F6D2300F44A9A /* PBXContainerItemProxy */;
		};
/* End PBXTargetDependency section */

/* Begin XCBuildConfiguration section */
		C32A4D55286F6D2300F44A9A /* Debug */ = {
			isa = XCBuildConfiguration;
			buildSettings = {
				BUNDLE_LOADER = "$(TEST_HOST)";
				CLANG_CXX_LANGUAGE_STANDARD = "gnu++17";
				CODE_SIGN_STYLE = Automatic;
				CURRENT_PROJECT_VERSION = 1;
				DEVELOPMENT_TEAM = TS82KLGD8T;
				GENERATE_INFOPLIST_FILE = YES;
				IPHONEOS_DEPLOYMENT_TARGET = 15.5;
				MARKETING_VERSION = 1.0;
				PRODUCT_BUNDLE_IDENTIFIER = "unfernandito.rick-and-morty-appTests";
				PRODUCT_NAME = "$(TARGET_NAME)";
				SDKROOT = iphoneos;
				SWIFT_EMIT_LOC_STRINGS = NO;
				SWIFT_VERSION = 5.0;
				TARGETED_DEVICE_FAMILY = "1,2";
				TEST_HOST = "$(BUILT_PRODUCTS_DIR)/rick-and-morty-app.app/rick-and-morty-app";
			};
			name = Debug;
		};
		C32A4D56286F6D2300F44A9A /* Release */ = {
			isa = XCBuildConfiguration;
			buildSettings = {
				BUNDLE_LOADER = "$(TEST_HOST)";
				CLANG_CXX_LANGUAGE_STANDARD = "gnu++17";
				CODE_SIGN_STYLE = Automatic;
				CURRENT_PROJECT_VERSION = 1;
				DEVELOPMENT_TEAM = TS82KLGD8T;
				GENERATE_INFOPLIST_FILE = YES;
				IPHONEOS_DEPLOYMENT_TARGET = 15.5;
				MARKETING_VERSION = 1.0;
				PRODUCT_BUNDLE_IDENTIFIER = "unfernandito.rick-and-morty-appTests";
				PRODUCT_NAME = "$(TARGET_NAME)";
				SDKROOT = iphoneos;
				SWIFT_EMIT_LOC_STRINGS = NO;
				SWIFT_VERSION = 5.0;
				TARGETED_DEVICE_FAMILY = "1,2";
				TEST_HOST = "$(BUILT_PRODUCTS_DIR)/rick-and-morty-app.app/rick-and-morty-app";
				VALIDATE_PRODUCT = YES;
			};
			name = Release;
		};
		C3E2378B2869F4CC0042C8B2 /* Debug */ = {
			isa = XCBuildConfiguration;
			buildSettings = {
				ALWAYS_SEARCH_USER_PATHS = NO;
				CLANG_ANALYZER_NONNULL = YES;
				CLANG_ANALYZER_NUMBER_OBJECT_CONVERSION = YES_AGGRESSIVE;
				CLANG_CXX_LANGUAGE_STANDARD = "c++17";
				CLANG_ENABLE_MODULES = YES;
				CLANG_ENABLE_OBJC_ARC = YES;
				CLANG_ENABLE_OBJC_WEAK = YES;
				CLANG_WARN_BLOCK_CAPTURE_AUTORELEASING = YES;
				CLANG_WARN_BOOL_CONVERSION = YES;
				CLANG_WARN_COMMA = YES;
				CLANG_WARN_CONSTANT_CONVERSION = YES;
				CLANG_WARN_DEPRECATED_OBJC_IMPLEMENTATIONS = YES;
				CLANG_WARN_DIRECT_OBJC_ISA_USAGE = YES_ERROR;
				CLANG_WARN_DOCUMENTATION_COMMENTS = YES;
				CLANG_WARN_EMPTY_BODY = YES;
				CLANG_WARN_ENUM_CONVERSION = YES;
				CLANG_WARN_INFINITE_RECURSION = YES;
				CLANG_WARN_INT_CONVERSION = YES;
				CLANG_WARN_NON_LITERAL_NULL_CONVERSION = YES;
				CLANG_WARN_OBJC_IMPLICIT_RETAIN_SELF = YES;
				CLANG_WARN_OBJC_LITERAL_CONVERSION = YES;
				CLANG_WARN_OBJC_ROOT_CLASS = YES_ERROR;
				CLANG_WARN_QUOTED_INCLUDE_IN_FRAMEWORK_HEADER = YES;
				CLANG_WARN_RANGE_LOOP_ANALYSIS = YES;
				CLANG_WARN_STRICT_PROTOTYPES = YES;
				CLANG_WARN_SUSPICIOUS_MOVE = YES;
				CLANG_WARN_UNGUARDED_AVAILABILITY = YES_AGGRESSIVE;
				CLANG_WARN_UNREACHABLE_CODE = YES;
				CLANG_WARN__DUPLICATE_METHOD_MATCH = YES;
				COPY_PHASE_STRIP = NO;
				DEBUG_INFORMATION_FORMAT = dwarf;
				ENABLE_STRICT_OBJC_MSGSEND = YES;
				ENABLE_TESTABILITY = YES;
				GCC_C_LANGUAGE_STANDARD = gnu11;
				GCC_DYNAMIC_NO_PIC = NO;
				GCC_NO_COMMON_BLOCKS = YES;
				GCC_OPTIMIZATION_LEVEL = 0;
				GCC_PREPROCESSOR_DEFINITIONS = (
					"DEBUG=1",
					"$(inherited)",
				);
				GCC_WARN_64_TO_32_BIT_CONVERSION = YES;
				GCC_WARN_ABOUT_RETURN_TYPE = YES_ERROR;
				GCC_WARN_UNDECLARED_SELECTOR = YES;
				GCC_WARN_UNINITIALIZED_AUTOS = YES_AGGRESSIVE;
				GCC_WARN_UNUSED_FUNCTION = YES;
				GCC_WARN_UNUSED_VARIABLE = YES;
				IPHONEOS_DEPLOYMENT_TARGET = 12.4;
				MACOSX_DEPLOYMENT_TARGET = 11.4;
				MTL_ENABLE_DEBUG_INFO = INCLUDE_SOURCE;
				MTL_FAST_MATH = YES;
				ONLY_ACTIVE_ARCH = YES;
				SWIFT_ACTIVE_COMPILATION_CONDITIONS = DEBUG;
				SWIFT_OPTIMIZATION_LEVEL = "-Onone";
			};
			name = Debug;
		};
		C3E2378C2869F4CC0042C8B2 /* Release */ = {
			isa = XCBuildConfiguration;
			buildSettings = {
				ALWAYS_SEARCH_USER_PATHS = NO;
				CLANG_ANALYZER_NONNULL = YES;
				CLANG_ANALYZER_NUMBER_OBJECT_CONVERSION = YES_AGGRESSIVE;
				CLANG_CXX_LANGUAGE_STANDARD = "c++17";
				CLANG_ENABLE_MODULES = YES;
				CLANG_ENABLE_OBJC_ARC = YES;
				CLANG_ENABLE_OBJC_WEAK = YES;
				CLANG_WARN_BLOCK_CAPTURE_AUTORELEASING = YES;
				CLANG_WARN_BOOL_CONVERSION = YES;
				CLANG_WARN_COMMA = YES;
				CLANG_WARN_CONSTANT_CONVERSION = YES;
				CLANG_WARN_DEPRECATED_OBJC_IMPLEMENTATIONS = YES;
				CLANG_WARN_DIRECT_OBJC_ISA_USAGE = YES_ERROR;
				CLANG_WARN_DOCUMENTATION_COMMENTS = YES;
				CLANG_WARN_EMPTY_BODY = YES;
				CLANG_WARN_ENUM_CONVERSION = YES;
				CLANG_WARN_INFINITE_RECURSION = YES;
				CLANG_WARN_INT_CONVERSION = YES;
				CLANG_WARN_NON_LITERAL_NULL_CONVERSION = YES;
				CLANG_WARN_OBJC_IMPLICIT_RETAIN_SELF = YES;
				CLANG_WARN_OBJC_LITERAL_CONVERSION = YES;
				CLANG_WARN_OBJC_ROOT_CLASS = YES_ERROR;
				CLANG_WARN_QUOTED_INCLUDE_IN_FRAMEWORK_HEADER = YES;
				CLANG_WARN_RANGE_LOOP_ANALYSIS = YES;
				CLANG_WARN_STRICT_PROTOTYPES = YES;
				CLANG_WARN_SUSPICIOUS_MOVE = YES;
				CLANG_WARN_UNGUARDED_AVAILABILITY = YES_AGGRESSIVE;
				CLANG_WARN_UNREACHABLE_CODE = YES;
				CLANG_WARN__DUPLICATE_METHOD_MATCH = YES;
				COPY_PHASE_STRIP = NO;
				DEBUG_INFORMATION_FORMAT = "dwarf-with-dsym";
				ENABLE_NS_ASSERTIONS = NO;
				ENABLE_STRICT_OBJC_MSGSEND = YES;
				GCC_C_LANGUAGE_STANDARD = gnu11;
				GCC_NO_COMMON_BLOCKS = YES;
				GCC_WARN_64_TO_32_BIT_CONVERSION = YES;
				GCC_WARN_ABOUT_RETURN_TYPE = YES_ERROR;
				GCC_WARN_UNDECLARED_SELECTOR = YES;
				GCC_WARN_UNINITIALIZED_AUTOS = YES_AGGRESSIVE;
				GCC_WARN_UNUSED_FUNCTION = YES;
				GCC_WARN_UNUSED_VARIABLE = YES;
				IPHONEOS_DEPLOYMENT_TARGET = 12.4;
				MACOSX_DEPLOYMENT_TARGET = 11.4;
				MTL_ENABLE_DEBUG_INFO = NO;
				MTL_FAST_MATH = YES;
				SWIFT_COMPILATION_MODE = wholemodule;
				SWIFT_OPTIMIZATION_LEVEL = "-O";
			};
			name = Release;
		};
		C3E2378E2869F4CC0042C8B2 /* Debug */ = {
			isa = XCBuildConfiguration;
			buildSettings = {
				ASSETCATALOG_COMPILER_APPICON_NAME = AppIcon;
				ASSETCATALOG_COMPILER_GLOBAL_ACCENT_COLOR_NAME = AccentColor;
				CODE_SIGN_ENTITLEMENTS = "rick-and-morty-app (iOS).entitlements";
				CODE_SIGN_STYLE = Automatic;
				CURRENT_PROJECT_VERSION = 1;
				DEVELOPMENT_TEAM = TS82KLGD8T;
				ENABLE_PREVIEWS = YES;
				GENERATE_INFOPLIST_FILE = YES;
				INFOPLIST_KEY_UIApplicationSceneManifest_Generation = YES;
				INFOPLIST_KEY_UIApplicationSupportsIndirectInputEvents = YES;
				INFOPLIST_KEY_UILaunchScreen_Generation = YES;
				INFOPLIST_KEY_UISupportedInterfaceOrientations_iPad = "UIInterfaceOrientationPortrait UIInterfaceOrientationPortraitUpsideDown UIInterfaceOrientationLandscapeLeft UIInterfaceOrientationLandscapeRight";
				INFOPLIST_KEY_UISupportedInterfaceOrientations_iPhone = "UIInterfaceOrientationPortrait UIInterfaceOrientationLandscapeLeft UIInterfaceOrientationLandscapeRight";
				IPHONEOS_DEPLOYMENT_TARGET = 15.5;
				LD_RUNPATH_SEARCH_PATHS = (
					"$(inherited)",
					"@executable_path/Frameworks",
				);
				MARKETING_VERSION = 1.0;
				PRODUCT_BUNDLE_IDENTIFIER = "unfernandito.rick-and-morty-app";
				PRODUCT_NAME = "rick-and-morty-app";
				SDKROOT = iphoneos;
				SUPPORTS_MACCATALYST = YES;
				SWIFT_EMIT_LOC_STRINGS = YES;
				SWIFT_VERSION = 5.0;
				TARGETED_DEVICE_FAMILY = "1,2,6";
			};
			name = Debug;
		};
		C3E2378F2869F4CC0042C8B2 /* Release */ = {
			isa = XCBuildConfiguration;
			buildSettings = {
				ASSETCATALOG_COMPILER_APPICON_NAME = AppIcon;
				ASSETCATALOG_COMPILER_GLOBAL_ACCENT_COLOR_NAME = AccentColor;
				CODE_SIGN_ENTITLEMENTS = "rick-and-morty-app (iOS).entitlements";
				CODE_SIGN_STYLE = Automatic;
				CURRENT_PROJECT_VERSION = 1;
				DEVELOPMENT_TEAM = TS82KLGD8T;
				ENABLE_PREVIEWS = YES;
				GENERATE_INFOPLIST_FILE = YES;
				INFOPLIST_KEY_UIApplicationSceneManifest_Generation = YES;
				INFOPLIST_KEY_UIApplicationSupportsIndirectInputEvents = YES;
				INFOPLIST_KEY_UILaunchScreen_Generation = YES;
				INFOPLIST_KEY_UISupportedInterfaceOrientations_iPad = "UIInterfaceOrientationPortrait UIInterfaceOrientationPortraitUpsideDown UIInterfaceOrientationLandscapeLeft UIInterfaceOrientationLandscapeRight";
				INFOPLIST_KEY_UISupportedInterfaceOrientations_iPhone = "UIInterfaceOrientationPortrait UIInterfaceOrientationLandscapeLeft UIInterfaceOrientationLandscapeRight";
				IPHONEOS_DEPLOYMENT_TARGET = 15.5;
				LD_RUNPATH_SEARCH_PATHS = (
					"$(inherited)",
					"@executable_path/Frameworks",
				);
				MARKETING_VERSION = 1.0;
				PRODUCT_BUNDLE_IDENTIFIER = "unfernandito.rick-and-morty-app";
				PRODUCT_NAME = "rick-and-morty-app";
				SDKROOT = iphoneos;
				SUPPORTS_MACCATALYST = YES;
				SWIFT_EMIT_LOC_STRINGS = YES;
				SWIFT_VERSION = 5.0;
				TARGETED_DEVICE_FAMILY = "1,2,6";
				VALIDATE_PRODUCT = YES;
			};
			name = Release;
		};
		C3E237912869F4CC0042C8B2 /* Debug */ = {
			isa = XCBuildConfiguration;
			buildSettings = {
				ASSETCATALOG_COMPILER_APPICON_NAME = AppIcon;
				ASSETCATALOG_COMPILER_GLOBAL_ACCENT_COLOR_NAME = AccentColor;
				CODE_SIGN_ENTITLEMENTS = macOS/macOS.entitlements;
				CODE_SIGN_STYLE = Automatic;
				COMBINE_HIDPI_IMAGES = YES;
				CURRENT_PROJECT_VERSION = 1;
				DEVELOPMENT_TEAM = TS82KLGD8T;
				ENABLE_HARDENED_RUNTIME = YES;
				ENABLE_PREVIEWS = YES;
				GENERATE_INFOPLIST_FILE = YES;
				INFOPLIST_KEY_LSApplicationCategoryType = "public.app-category.entertainment";
				INFOPLIST_KEY_NSHumanReadableCopyright = "";
				LD_RUNPATH_SEARCH_PATHS = (
					"$(inherited)",
					"@executable_path/../Frameworks",
				);
				MACOSX_DEPLOYMENT_TARGET = 12.3;
				MARKETING_VERSION = 1.0;
				PRODUCT_BUNDLE_IDENTIFIER = "unfernandito.rick-and-morty-app";
				PRODUCT_NAME = "rick-and-morty-app";
				SDKROOT = macosx;
				SWIFT_EMIT_LOC_STRINGS = YES;
				SWIFT_VERSION = 5.0;
			};
			name = Debug;
		};
		C3E237922869F4CC0042C8B2 /* Release */ = {
			isa = XCBuildConfiguration;
			buildSettings = {
				ASSETCATALOG_COMPILER_APPICON_NAME = AppIcon;
				ASSETCATALOG_COMPILER_GLOBAL_ACCENT_COLOR_NAME = AccentColor;
				CODE_SIGN_ENTITLEMENTS = macOS/macOS.entitlements;
				CODE_SIGN_STYLE = Automatic;
				COMBINE_HIDPI_IMAGES = YES;
				CURRENT_PROJECT_VERSION = 1;
				DEVELOPMENT_TEAM = TS82KLGD8T;
				ENABLE_HARDENED_RUNTIME = YES;
				ENABLE_PREVIEWS = YES;
				GENERATE_INFOPLIST_FILE = YES;
				INFOPLIST_KEY_LSApplicationCategoryType = "public.app-category.entertainment";
				INFOPLIST_KEY_NSHumanReadableCopyright = "";
				LD_RUNPATH_SEARCH_PATHS = (
					"$(inherited)",
					"@executable_path/../Frameworks",
				);
				MACOSX_DEPLOYMENT_TARGET = 12.3;
				MARKETING_VERSION = 1.0;
				PRODUCT_BUNDLE_IDENTIFIER = "unfernandito.rick-and-morty-app";
				PRODUCT_NAME = "rick-and-morty-app";
				SDKROOT = macosx;
				SWIFT_EMIT_LOC_STRINGS = YES;
				SWIFT_VERSION = 5.0;
			};
			name = Release;
		};
/* End XCBuildConfiguration section */

/* Begin XCConfigurationList section */
		C32A4D54286F6D2300F44A9A /* Build configuration list for PBXNativeTarget "rick-and-morty-appTests" */ = {
			isa = XCConfigurationList;
			buildConfigurations = (
				C32A4D55286F6D2300F44A9A /* Debug */,
				C32A4D56286F6D2300F44A9A /* Release */,
			);
			defaultConfigurationIsVisible = 0;
			defaultConfigurationName = Release;
		};
		C3E2375B2869F4C80042C8B2 /* Build configuration list for PBXProject "rick-and-morty-app" */ = {
			isa = XCConfigurationList;
			buildConfigurations = (
				C3E2378B2869F4CC0042C8B2 /* Debug */,
				C3E2378C2869F4CC0042C8B2 /* Release */,
			);
			defaultConfigurationIsVisible = 0;
			defaultConfigurationName = Release;
		};
		C3E2378D2869F4CC0042C8B2 /* Build configuration list for PBXNativeTarget "rick-and-morty-app (iOS)" */ = {
			isa = XCConfigurationList;
			buildConfigurations = (
				C3E2378E2869F4CC0042C8B2 /* Debug */,
				C3E2378F2869F4CC0042C8B2 /* Release */,
			);
			defaultConfigurationIsVisible = 0;
			defaultConfigurationName = Release;
		};
		C3E237902869F4CC0042C8B2 /* Build configuration list for PBXNativeTarget "rick-and-morty-app (macOS)" */ = {
			isa = XCConfigurationList;
			buildConfigurations = (
				C3E237912869F4CC0042C8B2 /* Debug */,
				C3E237922869F4CC0042C8B2 /* Release */,
			);
			defaultConfigurationIsVisible = 0;
			defaultConfigurationName = Release;
		};
/* End XCConfigurationList section */

/* Begin XCRemoteSwiftPackageReference section */
		C32A4D59286F6E7D00F44A9A /* XCRemoteSwiftPackageReference "ViewInspector" */ = {
			isa = XCRemoteSwiftPackageReference;
			repositoryURL = "https://github.com/nalexn/ViewInspector";
			requirement = {
				kind = exactVersion;
				version = 0.9.1;
			};
		};
/* End XCRemoteSwiftPackageReference section */

/* Begin XCSwiftPackageProductDependency section */
		C32A4D5A286F6E7D00F44A9A /* ViewInspector */ = {
			isa = XCSwiftPackageProductDependency;
			package = C32A4D59286F6E7D00F44A9A /* XCRemoteSwiftPackageReference "ViewInspector" */;
			productName = ViewInspector;
		};
/* End XCSwiftPackageProductDependency section */
	};
	rootObject = C3E237582869F4C80042C8B2 /* Project object */;
}
